// !$*UTF8*$!
{
	archiveVersion = 1;
	classes = {
	};
	objectVersion = 50;
	objects = {

/* Begin PBXBuildFile section */
		00D3F9A0229EF58B0C7D65B1 /* TabBarPresenterDelegate.swift in Sources */ = {isa = PBXBuildFile; fileRef = AB0CC9F9FE31FAD5DC3247EF /* TabBarPresenterDelegate.swift */; };
		024A43E4245D712D00282C1F /* AppDelegate.swift in Sources */ = {isa = PBXBuildFile; fileRef = 024A43E3245D712D00282C1F /* AppDelegate.swift */; };
		024A43EE245D712D00282C1F /* PokerMentor.xcdatamodeld in Sources */ = {isa = PBXBuildFile; fileRef = 024A43EC245D712D00282C1F /* PokerMentor.xcdatamodeld */; };
		024A43F0245D712F00282C1F /* Assets.xcassets in Resources */ = {isa = PBXBuildFile; fileRef = 024A43EF245D712F00282C1F /* Assets.xcassets */; };
		024A43F3245D712F00282C1F /* LaunchScreen.storyboard in Resources */ = {isa = PBXBuildFile; fileRef = 024A43F1245D712F00282C1F /* LaunchScreen.storyboard */; };
		024A440B245D748D00282C1F /* PureLayout.framework in Frameworks */ = {isa = PBXBuildFile; fileRef = 024A4409245D748D00282C1F /* PureLayout.framework */; };
		024A440C245D748D00282C1F /* Swinject.framework in Frameworks */ = {isa = PBXBuildFile; fileRef = 024A440A245D748D00282C1F /* Swinject.framework */; };
		024A440F245D76ED00282C1F /* Container+Setup.swift in Sources */ = {isa = PBXBuildFile; fileRef = 024A440E245D76ED00282C1F /* Container+Setup.swift */; };
		024A4411245D77FC00282C1F /* DependencyContainerTests.swift in Sources */ = {isa = PBXBuildFile; fileRef = 024A4410245D77FC00282C1F /* DependencyContainerTests.swift */; };
		024A4413245D795F00282C1F /* Swinject.framework in Frameworks */ = {isa = PBXBuildFile; fileRef = 024A440A245D748D00282C1F /* Swinject.framework */; };
		1275FAFC88AD4CEFA958315C /* TabBarRouterProtocol.swift in Sources */ = {isa = PBXBuildFile; fileRef = C83E17CD8341EBB5F4381B48 /* TabBarRouterProtocol.swift */; };
		3D787BE2FA88040F0F47B6D0 /* TabBarInteractor.swift in Sources */ = {isa = PBXBuildFile; fileRef = 92817CADC47E288E4690B383 /* TabBarInteractor.swift */; };
		545661E5587199999B47F483 /* TabBarPresenterProtocol.swift in Sources */ = {isa = PBXBuildFile; fileRef = E2580D926C5E400F0BBF69DA /* TabBarPresenterProtocol.swift */; };
		5C8006610CB667F4DDB1F3F6 /* TabBarBuilder.swift in Sources */ = {isa = PBXBuildFile; fileRef = 7BA21EFD9896BDB9CEC483B8 /* TabBarBuilder.swift */; };
		641EC303433B6B290E1ED495 /* TabBarInteractorProtocol.swift in Sources */ = {isa = PBXBuildFile; fileRef = 8BB2FD431912679CA89F4546 /* TabBarInteractorProtocol.swift */; };
		725E16397FE3AC49F9AE83E9 /* TabBarPresenter.swift in Sources */ = {isa = PBXBuildFile; fileRef = 1C98368E59838FE717B9D07A /* TabBarPresenter.swift */; };
		76CBCFA54F8D42B6ECE49A8D /* TabBarRouter.swift in Sources */ = {isa = PBXBuildFile; fileRef = 4DD2F04C985932E2B9BE2773 /* TabBarRouter.swift */; };
		A0EA2C086AB62B74E4D5C886 /* TabBarViewController.swift in Sources */ = {isa = PBXBuildFile; fileRef = 67198C72C0CA402C90E99CE2 /* TabBarViewController.swift */; };
		FBB7C4783D185D2DC8F0504B /* TabBarInteractorDelegate.swift in Sources */ = {isa = PBXBuildFile; fileRef = C33A27FB3FBF527B4D476B8B /* TabBarInteractorDelegate.swift */; };
/* End PBXBuildFile section */

/* Begin PBXContainerItemProxy section */
		024A43FA245D712F00282C1F /* PBXContainerItemProxy */ = {
			isa = PBXContainerItemProxy;
			containerPortal = 024A43D8245D712D00282C1F /* Project object */;
			proxyType = 1;
			remoteGlobalIDString = 024A43DF245D712D00282C1F;
			remoteInfo = PokerMentor;
		};
/* End PBXContainerItemProxy section */

/* Begin PBXFileReference section */
		024A43E0245D712D00282C1F /* PokerMentor.app */ = {isa = PBXFileReference; explicitFileType = wrapper.application; includeInIndex = 0; path = PokerMentor.app; sourceTree = BUILT_PRODUCTS_DIR; };
		024A43E3245D712D00282C1F /* AppDelegate.swift */ = {isa = PBXFileReference; lastKnownFileType = sourcecode.swift; path = AppDelegate.swift; sourceTree = "<group>"; };
		024A43ED245D712D00282C1F /* PokerMentor.xcdatamodel */ = {isa = PBXFileReference; lastKnownFileType = wrapper.xcdatamodel; path = PokerMentor.xcdatamodel; sourceTree = "<group>"; };
		024A43EF245D712F00282C1F /* Assets.xcassets */ = {isa = PBXFileReference; lastKnownFileType = folder.assetcatalog; path = Assets.xcassets; sourceTree = "<group>"; };
		024A43F2245D712F00282C1F /* Base */ = {isa = PBXFileReference; lastKnownFileType = file.storyboard; name = Base; path = Base.lproj/LaunchScreen.storyboard; sourceTree = "<group>"; };
		024A43F4245D712F00282C1F /* Info.plist */ = {isa = PBXFileReference; lastKnownFileType = text.plist.xml; path = Info.plist; sourceTree = "<group>"; };
		024A43F9245D712F00282C1F /* PokerMentorTests.xctest */ = {isa = PBXFileReference; explicitFileType = wrapper.cfbundle; includeInIndex = 0; path = PokerMentorTests.xctest; sourceTree = BUILT_PRODUCTS_DIR; };
		024A43FF245D712F00282C1F /* Info.plist */ = {isa = PBXFileReference; lastKnownFileType = text.plist.xml; path = Info.plist; sourceTree = "<group>"; };
		024A4409245D748D00282C1F /* PureLayout.framework */ = {isa = PBXFileReference; lastKnownFileType = wrapper.framework; name = PureLayout.framework; path = Carthage/Build/iOS/PureLayout.framework; sourceTree = "<group>"; };
		024A440A245D748D00282C1F /* Swinject.framework */ = {isa = PBXFileReference; lastKnownFileType = wrapper.framework; name = Swinject.framework; path = Carthage/Build/iOS/Swinject.framework; sourceTree = "<group>"; };
		024A440E245D76ED00282C1F /* Container+Setup.swift */ = {isa = PBXFileReference; lastKnownFileType = sourcecode.swift; path = "Container+Setup.swift"; sourceTree = "<group>"; };
		024A4410245D77FC00282C1F /* DependencyContainerTests.swift */ = {isa = PBXFileReference; lastKnownFileType = sourcecode.swift; path = DependencyContainerTests.swift; sourceTree = "<group>"; };
		1C98368E59838FE717B9D07A /* TabBarPresenter.swift */ = {isa = PBXFileReference; includeInIndex = 1; lastKnownFileType = sourcecode.swift; path = TabBarPresenter.swift; sourceTree = "<group>"; };
		4DD2F04C985932E2B9BE2773 /* TabBarRouter.swift */ = {isa = PBXFileReference; includeInIndex = 1; lastKnownFileType = sourcecode.swift; path = TabBarRouter.swift; sourceTree = "<group>"; };
		67198C72C0CA402C90E99CE2 /* TabBarViewController.swift */ = {isa = PBXFileReference; includeInIndex = 1; lastKnownFileType = sourcecode.swift; path = TabBarViewController.swift; sourceTree = "<group>"; };
		7BA21EFD9896BDB9CEC483B8 /* TabBarBuilder.swift */ = {isa = PBXFileReference; includeInIndex = 1; lastKnownFileType = sourcecode.swift; path = TabBarBuilder.swift; sourceTree = "<group>"; };
		8BB2FD431912679CA89F4546 /* TabBarInteractorProtocol.swift */ = {isa = PBXFileReference; includeInIndex = 1; lastKnownFileType = sourcecode.swift; path = TabBarInteractorProtocol.swift; sourceTree = "<group>"; };
		92817CADC47E288E4690B383 /* TabBarInteractor.swift */ = {isa = PBXFileReference; includeInIndex = 1; lastKnownFileType = sourcecode.swift; path = TabBarInteractor.swift; sourceTree = "<group>"; };
		AB0CC9F9FE31FAD5DC3247EF /* TabBarPresenterDelegate.swift */ = {isa = PBXFileReference; includeInIndex = 1; lastKnownFileType = sourcecode.swift; path = TabBarPresenterDelegate.swift; sourceTree = "<group>"; };
		C33A27FB3FBF527B4D476B8B /* TabBarInteractorDelegate.swift */ = {isa = PBXFileReference; includeInIndex = 1; lastKnownFileType = sourcecode.swift; path = TabBarInteractorDelegate.swift; sourceTree = "<group>"; };
		C83E17CD8341EBB5F4381B48 /* TabBarRouterProtocol.swift */ = {isa = PBXFileReference; includeInIndex = 1; lastKnownFileType = sourcecode.swift; path = TabBarRouterProtocol.swift; sourceTree = "<group>"; };
		E2580D926C5E400F0BBF69DA /* TabBarPresenterProtocol.swift */ = {isa = PBXFileReference; includeInIndex = 1; lastKnownFileType = sourcecode.swift; path = TabBarPresenterProtocol.swift; sourceTree = "<group>"; };
/* End PBXFileReference section */

/* Begin PBXFrameworksBuildPhase section */
		024A43DD245D712D00282C1F /* Frameworks */ = {
			isa = PBXFrameworksBuildPhase;
			buildActionMask = 2147483647;
			files = (
				024A440B245D748D00282C1F /* PureLayout.framework in Frameworks */,
				024A440C245D748D00282C1F /* Swinject.framework in Frameworks */,
			);
			runOnlyForDeploymentPostprocessing = 0;
		};
		024A43F6245D712F00282C1F /* Frameworks */ = {
			isa = PBXFrameworksBuildPhase;
			buildActionMask = 2147483647;
			files = (
				024A4413245D795F00282C1F /* Swinject.framework in Frameworks */,
			);
			runOnlyForDeploymentPostprocessing = 0;
		};
/* End PBXFrameworksBuildPhase section */

/* Begin PBXGroup section */
		007F3C4A777E1C55A6FA3F5E /* Interactor */ = {
			isa = PBXGroup;
			children = (
				8BB2FD431912679CA89F4546 /* TabBarInteractorProtocol.swift */,
				C33A27FB3FBF527B4D476B8B /* TabBarInteractorDelegate.swift */,
				92817CADC47E288E4690B383 /* TabBarInteractor.swift */,
			);
			path = Interactor;
			sourceTree = "<group>";
		};
		024A43D7245D712D00282C1F = {
			isa = PBXGroup;
			children = (
				024A43E2245D712D00282C1F /* PokerMentor */,
				024A43FC245D712F00282C1F /* PokerMentorTests */,
				024A43E1245D712D00282C1F /* Products */,
				024A4409245D748D00282C1F /* PureLayout.framework */,
				024A440A245D748D00282C1F /* Swinject.framework */,
			);
			sourceTree = "<group>";
		};
		024A43E1245D712D00282C1F /* Products */ = {
			isa = PBXGroup;
			children = (
				024A43E0245D712D00282C1F /* PokerMentor.app */,
				024A43F9245D712F00282C1F /* PokerMentorTests.xctest */,
			);
			name = Products;
			sourceTree = "<group>";
		};
		024A43E2245D712D00282C1F /* PokerMentor */ = {
			isa = PBXGroup;
			children = (
				024A440D245D76DE00282C1F /* DependencyContainer */,
				5A457CBC812F1C9A9A7088A4 /* Screens */,
				024A43E3245D712D00282C1F /* AppDelegate.swift */,
				024A43EF245D712F00282C1F /* Assets.xcassets */,
				024A43F1245D712F00282C1F /* LaunchScreen.storyboard */,
				024A43F4245D712F00282C1F /* Info.plist */,
				024A43EC245D712D00282C1F /* PokerMentor.xcdatamodeld */,
			);
			path = PokerMentor;
			sourceTree = "<group>";
		};
		024A43FC245D712F00282C1F /* PokerMentorTests */ = {
			isa = PBXGroup;
			children = (
				024A4410245D77FC00282C1F /* DependencyContainerTests.swift */,
				024A43FF245D712F00282C1F /* Info.plist */,
			);
			path = PokerMentorTests;
			sourceTree = "<group>";
		};
		024A440D245D76DE00282C1F /* DependencyContainer */ = {
			isa = PBXGroup;
			children = (
				024A440E245D76ED00282C1F /* Container+Setup.swift */,
			);
			path = DependencyContainer;
			sourceTree = "<group>";
		};
		094C1E77C4400879D00A879B /* Presenter */ = {
			isa = PBXGroup;
			children = (
				E2580D926C5E400F0BBF69DA /* TabBarPresenterProtocol.swift */,
				AB0CC9F9FE31FAD5DC3247EF /* TabBarPresenterDelegate.swift */,
				1C98368E59838FE717B9D07A /* TabBarPresenter.swift */,
			);
			path = Presenter;
			sourceTree = "<group>";
		};
		0DFDD37B3CF30098B6F0F5C9 /* View */ = {
			isa = PBXGroup;
			children = (
				67198C72C0CA402C90E99CE2 /* TabBarViewController.swift */,
			);
			path = View;
			sourceTree = "<group>";
		};
		5A457CBC812F1C9A9A7088A4 /* Screens */ = {
			isa = PBXGroup;
			children = (
				85EC8EC3724FED5238863D00 /* TabBar */,
			);
			path = Screens;
			sourceTree = "<group>";
		};
		85EC8EC3724FED5238863D00 /* TabBar */ = {
			isa = PBXGroup;
			children = (
				0DFDD37B3CF30098B6F0F5C9 /* View */,
				007F3C4A777E1C55A6FA3F5E /* Interactor */,
				094C1E77C4400879D00A879B /* Presenter */,
				B31A6DEEDA6C9DF449ED9FBF /* Router */,
				C40583E20E507A157B7FAC03 /* Builder */,
			);
			name = TabBar;
			path = PokerMentor/TabBar;
			sourceTree = SOURCE_ROOT;
		};
		B31A6DEEDA6C9DF449ED9FBF /* Router */ = {
			isa = PBXGroup;
			children = (
				C83E17CD8341EBB5F4381B48 /* TabBarRouterProtocol.swift */,
				4DD2F04C985932E2B9BE2773 /* TabBarRouter.swift */,
			);
			path = Router;
			sourceTree = "<group>";
		};
		C40583E20E507A157B7FAC03 /* Builder */ = {
			isa = PBXGroup;
			children = (
				7BA21EFD9896BDB9CEC483B8 /* TabBarBuilder.swift */,
			);
			path = Builder;
			sourceTree = "<group>";
		};
/* End PBXGroup section */

/* Begin PBXNativeTarget section */
		024A43DF245D712D00282C1F /* PokerMentor */ = {
			isa = PBXNativeTarget;
			buildConfigurationList = 024A4402245D712F00282C1F /* Build configuration list for PBXNativeTarget "PokerMentor" */;
			buildPhases = (
				024A43DC245D712D00282C1F /* Sources */,
				024A43DD245D712D00282C1F /* Frameworks */,
				024A43DE245D712D00282C1F /* Resources */,
				024A4408245D735300282C1F /* ShellScript */,
			);
			buildRules = (
			);
			dependencies = (
			);
			name = PokerMentor;
			productName = PokerMentor;
			productReference = 024A43E0245D712D00282C1F /* PokerMentor.app */;
			productType = "com.apple.product-type.application";
		};
		024A43F8245D712F00282C1F /* PokerMentorTests */ = {
			isa = PBXNativeTarget;
			buildConfigurationList = 024A4405245D712F00282C1F /* Build configuration list for PBXNativeTarget "PokerMentorTests" */;
			buildPhases = (
				024A43F5245D712F00282C1F /* Sources */,
				024A43F6245D712F00282C1F /* Frameworks */,
				024A43F7245D712F00282C1F /* Resources */,
			);
			buildRules = (
			);
			dependencies = (
				024A43FB245D712F00282C1F /* PBXTargetDependency */,
			);
			name = PokerMentorTests;
			productName = PokerMentorTests;
			productReference = 024A43F9245D712F00282C1F /* PokerMentorTests.xctest */;
			productType = "com.apple.product-type.bundle.unit-test";
		};
/* End PBXNativeTarget section */

/* Begin PBXProject section */
		024A43D8245D712D00282C1F /* Project object */ = {
			isa = PBXProject;
			attributes = {
				LastSwiftUpdateCheck = 1130;
				LastUpgradeCheck = 1130;
				TargetAttributes = {
					024A43DF245D712D00282C1F = {
						CreatedOnToolsVersion = 11.3.1;
					};
					024A43F8245D712F00282C1F = {
						CreatedOnToolsVersion = 11.3.1;
						LastSwiftMigration = 1130;
						TestTargetID = 024A43DF245D712D00282C1F;
					};
				};
			};
			buildConfigurationList = 024A43DB245D712D00282C1F /* Build configuration list for PBXProject "PokerMentor" */;
			compatibilityVersion = "Xcode 9.3";
			developmentRegion = en;
			hasScannedForEncodings = 0;
			knownRegions = (
				en,
				Base,
			);
			mainGroup = 024A43D7245D712D00282C1F;
			productRefGroup = 024A43E1245D712D00282C1F /* Products */;
			projectDirPath = "";
			projectRoot = "";
			targets = (
				024A43DF245D712D00282C1F /* PokerMentor */,
				024A43F8245D712F00282C1F /* PokerMentorTests */,
			);
		};
/* End PBXProject section */

/* Begin PBXResourcesBuildPhase section */
		024A43DE245D712D00282C1F /* Resources */ = {
			isa = PBXResourcesBuildPhase;
			buildActionMask = 2147483647;
			files = (
				024A43F3245D712F00282C1F /* LaunchScreen.storyboard in Resources */,
				024A43F0245D712F00282C1F /* Assets.xcassets in Resources */,
			);
			runOnlyForDeploymentPostprocessing = 0;
		};
		024A43F7245D712F00282C1F /* Resources */ = {
			isa = PBXResourcesBuildPhase;
			buildActionMask = 2147483647;
			files = (
			);
			runOnlyForDeploymentPostprocessing = 0;
		};
/* End PBXResourcesBuildPhase section */

/* Begin PBXShellScriptBuildPhase section */
		024A4408245D735300282C1F /* ShellScript */ = {
			isa = PBXShellScriptBuildPhase;
			buildActionMask = 2147483647;
			files = (
			);
			inputFileListPaths = (
			);
			inputPaths = (
				"$(SRCROOT)/Carthage/Build/iOS/PureLayout.framework",
				"$(SRCROOT)/Carthage/Build/iOS/Swinject.framework",
			);
			outputFileListPaths = (
			);
			outputPaths = (
				"$(BUILT_PRODUCTS_DIR)/$(FRAMEWORKS_FOLDER_PATH)/PureLayout.framework",
				"$(BUILT_PRODUCTS_DIR)/$(FRAMEWORKS_FOLDER_PATH)/Swinject.framework",
			);
			runOnlyForDeploymentPostprocessing = 0;
			shellPath = /bin/sh;
			shellScript = "# Type a script or drag a script file from your workspace to insert its path.\n/usr/local/bin/carthage copy-frameworks\n";
		};
/* End PBXShellScriptBuildPhase section */

/* Begin PBXSourcesBuildPhase section */
		024A43DC245D712D00282C1F /* Sources */ = {
			isa = PBXSourcesBuildPhase;
			buildActionMask = 2147483647;
			files = (
				024A43E4245D712D00282C1F /* AppDelegate.swift in Sources */,
				024A440F245D76ED00282C1F /* Container+Setup.swift in Sources */,
				024A43EE245D712D00282C1F /* PokerMentor.xcdatamodeld in Sources */,
				A0EA2C086AB62B74E4D5C886 /* TabBarViewController.swift in Sources */,
				641EC303433B6B290E1ED495 /* TabBarInteractorProtocol.swift in Sources */,
				FBB7C4783D185D2DC8F0504B /* TabBarInteractorDelegate.swift in Sources */,
				3D787BE2FA88040F0F47B6D0 /* TabBarInteractor.swift in Sources */,
				545661E5587199999B47F483 /* TabBarPresenterProtocol.swift in Sources */,
				00D3F9A0229EF58B0C7D65B1 /* TabBarPresenterDelegate.swift in Sources */,
				725E16397FE3AC49F9AE83E9 /* TabBarPresenter.swift in Sources */,
				1275FAFC88AD4CEFA958315C /* TabBarRouterProtocol.swift in Sources */,
				76CBCFA54F8D42B6ECE49A8D /* TabBarRouter.swift in Sources */,
				5C8006610CB667F4DDB1F3F6 /* TabBarBuilder.swift in Sources */,
			);
			runOnlyForDeploymentPostprocessing = 0;
		};
		024A43F5245D712F00282C1F /* Sources */ = {
			isa = PBXSourcesBuildPhase;
			buildActionMask = 2147483647;
			files = (
				024A4411245D77FC00282C1F /* DependencyContainerTests.swift in Sources */,
			);
			runOnlyForDeploymentPostprocessing = 0;
		};
/* End PBXSourcesBuildPhase section */

/* Begin PBXTargetDependency section */
		024A43FB245D712F00282C1F /* PBXTargetDependency */ = {
			isa = PBXTargetDependency;
			target = 024A43DF245D712D00282C1F /* PokerMentor */;
			targetProxy = 024A43FA245D712F00282C1F /* PBXContainerItemProxy */;
		};
/* End PBXTargetDependency section */

/* Begin PBXVariantGroup section */
		024A43F1245D712F00282C1F /* LaunchScreen.storyboard */ = {
			isa = PBXVariantGroup;
			children = (
				024A43F2245D712F00282C1F /* Base */,
			);
			name = LaunchScreen.storyboard;
			sourceTree = "<group>";
		};
/* End PBXVariantGroup section */

/* Begin XCBuildConfiguration section */
		024A4400245D712F00282C1F /* Debug */ = {
			isa = XCBuildConfiguration;
			buildSettings = {
				ALWAYS_SEARCH_USER_PATHS = NO;
				CLANG_ANALYZER_NONNULL = YES;
				CLANG_ANALYZER_NUMBER_OBJECT_CONVERSION = YES_AGGRESSIVE;
				CLANG_CXX_LANGUAGE_STANDARD = "gnu++14";
				CLANG_CXX_LIBRARY = "libc++";
				CLANG_ENABLE_MODULES = YES;
				CLANG_ENABLE_OBJC_ARC = YES;
				CLANG_ENABLE_OBJC_WEAK = YES;
				CLANG_WARN_BLOCK_CAPTURE_AUTORELEASING = YES;
				CLANG_WARN_BOOL_CONVERSION = YES;
				CLANG_WARN_COMMA = YES;
				CLANG_WARN_CONSTANT_CONVERSION = YES;
				CLANG_WARN_DEPRECATED_OBJC_IMPLEMENTATIONS = YES;
				CLANG_WARN_DIRECT_OBJC_ISA_USAGE = YES_ERROR;
				CLANG_WARN_DOCUMENTATION_COMMENTS = YES;
				CLANG_WARN_EMPTY_BODY = YES;
				CLANG_WARN_ENUM_CONVERSION = YES;
				CLANG_WARN_INFINITE_RECURSION = YES;
				CLANG_WARN_INT_CONVERSION = YES;
				CLANG_WARN_NON_LITERAL_NULL_CONVERSION = YES;
				CLANG_WARN_OBJC_IMPLICIT_RETAIN_SELF = YES;
				CLANG_WARN_OBJC_LITERAL_CONVERSION = YES;
				CLANG_WARN_OBJC_ROOT_CLASS = YES_ERROR;
				CLANG_WARN_RANGE_LOOP_ANALYSIS = YES;
				CLANG_WARN_STRICT_PROTOTYPES = YES;
				CLANG_WARN_SUSPICIOUS_MOVE = YES;
				CLANG_WARN_UNGUARDED_AVAILABILITY = YES_AGGRESSIVE;
				CLANG_WARN_UNREACHABLE_CODE = YES;
				CLANG_WARN__DUPLICATE_METHOD_MATCH = YES;
				COPY_PHASE_STRIP = NO;
				DEBUG_INFORMATION_FORMAT = dwarf;
				ENABLE_STRICT_OBJC_MSGSEND = YES;
				ENABLE_TESTABILITY = YES;
				GCC_C_LANGUAGE_STANDARD = gnu11;
				GCC_DYNAMIC_NO_PIC = NO;
				GCC_NO_COMMON_BLOCKS = YES;
				GCC_OPTIMIZATION_LEVEL = 0;
				GCC_PREPROCESSOR_DEFINITIONS = (
					"DEBUG=1",
					"$(inherited)",
				);
				GCC_WARN_64_TO_32_BIT_CONVERSION = YES;
				GCC_WARN_ABOUT_RETURN_TYPE = YES_ERROR;
				GCC_WARN_UNDECLARED_SELECTOR = YES;
				GCC_WARN_UNINITIALIZED_AUTOS = YES_AGGRESSIVE;
				GCC_WARN_UNUSED_FUNCTION = YES;
				GCC_WARN_UNUSED_VARIABLE = YES;
				IPHONEOS_DEPLOYMENT_TARGET = 12.0;
				MTL_ENABLE_DEBUG_INFO = INCLUDE_SOURCE;
				MTL_FAST_MATH = YES;
				ONLY_ACTIVE_ARCH = YES;
				SDKROOT = iphoneos;
				SWIFT_ACTIVE_COMPILATION_CONDITIONS = DEBUG;
				SWIFT_OPTIMIZATION_LEVEL = "-Onone";
			};
			name = Debug;
		};
		024A4401245D712F00282C1F /* Release */ = {
			isa = XCBuildConfiguration;
			buildSettings = {
				ALWAYS_SEARCH_USER_PATHS = NO;
				CLANG_ANALYZER_NONNULL = YES;
				CLANG_ANALYZER_NUMBER_OBJECT_CONVERSION = YES_AGGRESSIVE;
				CLANG_CXX_LANGUAGE_STANDARD = "gnu++14";
				CLANG_CXX_LIBRARY = "libc++";
				CLANG_ENABLE_MODULES = YES;
				CLANG_ENABLE_OBJC_ARC = YES;
				CLANG_ENABLE_OBJC_WEAK = YES;
				CLANG_WARN_BLOCK_CAPTURE_AUTORELEASING = YES;
				CLANG_WARN_BOOL_CONVERSION = YES;
				CLANG_WARN_COMMA = YES;
				CLANG_WARN_CONSTANT_CONVERSION = YES;
				CLANG_WARN_DEPRECATED_OBJC_IMPLEMENTATIONS = YES;
				CLANG_WARN_DIRECT_OBJC_ISA_USAGE = YES_ERROR;
				CLANG_WARN_DOCUMENTATION_COMMENTS = YES;
				CLANG_WARN_EMPTY_BODY = YES;
				CLANG_WARN_ENUM_CONVERSION = YES;
				CLANG_WARN_INFINITE_RECURSION = YES;
				CLANG_WARN_INT_CONVERSION = YES;
				CLANG_WARN_NON_LITERAL_NULL_CONVERSION = YES;
				CLANG_WARN_OBJC_IMPLICIT_RETAIN_SELF = YES;
				CLANG_WARN_OBJC_LITERAL_CONVERSION = YES;
				CLANG_WARN_OBJC_ROOT_CLASS = YES_ERROR;
				CLANG_WARN_RANGE_LOOP_ANALYSIS = YES;
				CLANG_WARN_STRICT_PROTOTYPES = YES;
				CLANG_WARN_SUSPICIOUS_MOVE = YES;
				CLANG_WARN_UNGUARDED_AVAILABILITY = YES_AGGRESSIVE;
				CLANG_WARN_UNREACHABLE_CODE = YES;
				CLANG_WARN__DUPLICATE_METHOD_MATCH = YES;
				COPY_PHASE_STRIP = NO;
				DEBUG_INFORMATION_FORMAT = "dwarf-with-dsym";
				ENABLE_NS_ASSERTIONS = NO;
				ENABLE_STRICT_OBJC_MSGSEND = YES;
				GCC_C_LANGUAGE_STANDARD = gnu11;
				GCC_NO_COMMON_BLOCKS = YES;
				GCC_WARN_64_TO_32_BIT_CONVERSION = YES;
				GCC_WARN_ABOUT_RETURN_TYPE = YES_ERROR;
				GCC_WARN_UNDECLARED_SELECTOR = YES;
				GCC_WARN_UNINITIALIZED_AUTOS = YES_AGGRESSIVE;
				GCC_WARN_UNUSED_FUNCTION = YES;
				GCC_WARN_UNUSED_VARIABLE = YES;
				IPHONEOS_DEPLOYMENT_TARGET = 12.0;
				MTL_ENABLE_DEBUG_INFO = NO;
				MTL_FAST_MATH = YES;
				SDKROOT = iphoneos;
				SWIFT_COMPILATION_MODE = wholemodule;
				SWIFT_OPTIMIZATION_LEVEL = "-O";
				VALIDATE_PRODUCT = YES;
			};
			name = Release;
		};
		024A4403245D712F00282C1F /* Debug */ = {
			isa = XCBuildConfiguration;
			buildSettings = {
				ASSETCATALOG_COMPILER_APPICON_NAME = AppIcon;
				CODE_SIGN_STYLE = Automatic;
				FRAMEWORK_SEARCH_PATHS = (
					"$(inherited)",
					"$(PROJECT_DIR)/Carthage/Build/iOS",
				);
				INFOPLIST_FILE = PokerMentor/Info.plist;
				IPHONEOS_DEPLOYMENT_TARGET = 12.0;
				LD_RUNPATH_SEARCH_PATHS = (
					"$(inherited)",
					"@executable_path/Frameworks",
				);
				PRODUCT_BUNDLE_IDENTIFIER = com.PokerMentor.PokerMentor;
				PRODUCT_NAME = "$(TARGET_NAME)";
				SWIFT_VERSION = 5.0;
				TARGETED_DEVICE_FAMILY = 1;
			};
			name = Debug;
		};
		024A4404245D712F00282C1F /* Release */ = {
			isa = XCBuildConfiguration;
			buildSettings = {
				ASSETCATALOG_COMPILER_APPICON_NAME = AppIcon;
				CODE_SIGN_STYLE = Automatic;
				FRAMEWORK_SEARCH_PATHS = (
					"$(inherited)",
					"$(PROJECT_DIR)/Carthage/Build/iOS",
				);
				INFOPLIST_FILE = PokerMentor/Info.plist;
				IPHONEOS_DEPLOYMENT_TARGET = 12.0;
				LD_RUNPATH_SEARCH_PATHS = (
					"$(inherited)",
					"@executable_path/Frameworks",
				);
				PRODUCT_BUNDLE_IDENTIFIER = com.PokerMentor.PokerMentor;
				PRODUCT_NAME = "$(TARGET_NAME)";
				SWIFT_VERSION = 5.0;
				TARGETED_DEVICE_FAMILY = 1;
			};
			name = Release;
		};
		024A4406245D712F00282C1F /* Debug */ = {
			isa = XCBuildConfiguration;
			buildSettings = {
				ALWAYS_EMBED_SWIFT_STANDARD_LIBRARIES = YES;
				BUNDLE_LOADER = "$(TEST_HOST)";
				CLANG_ENABLE_MODULES = YES;
				CODE_SIGN_STYLE = Automatic;
				FRAMEWORK_SEARCH_PATHS = (
					"$(inherited)",
					"$(PROJECT_DIR)/Carthage/Build/iOS",
				);
				INFOPLIST_FILE = PokerMentorTests/Info.plist;
				IPHONEOS_DEPLOYMENT_TARGET = 13.2;
				LD_RUNPATH_SEARCH_PATHS = (
					"$(inherited)",
					"@executable_path/Frameworks",
					"@loader_path/Frameworks",
				);
				PRODUCT_BUNDLE_IDENTIFIER = com.PokerMentor.PokerMentorTests;
				PRODUCT_NAME = "$(TARGET_NAME)";
				SWIFT_OPTIMIZATION_LEVEL = "-Onone";
				SWIFT_VERSION = 5.0;
				TARGETED_DEVICE_FAMILY = "1,2";
				TEST_HOST = "$(BUILT_PRODUCTS_DIR)/PokerMentor.app/PokerMentor";
			};
			name = Debug;
		};
		024A4407245D712F00282C1F /* Release */ = {
			isa = XCBuildConfiguration;
			buildSettings = {
				ALWAYS_EMBED_SWIFT_STANDARD_LIBRARIES = YES;
				BUNDLE_LOADER = "$(TEST_HOST)";
				CLANG_ENABLE_MODULES = YES;
				CODE_SIGN_STYLE = Automatic;
				FRAMEWORK_SEARCH_PATHS = (
					"$(inherited)",
					"$(PROJECT_DIR)/Carthage/Build/iOS",
				);
				INFOPLIST_FILE = PokerMentorTests/Info.plist;
				IPHONEOS_DEPLOYMENT_TARGET = 13.2;
				LD_RUNPATH_SEARCH_PATHS = (
					"$(inherited)",
					"@executable_path/Frameworks",
					"@loader_path/Frameworks",
				);
				PRODUCT_BUNDLE_IDENTIFIER = com.PokerMentor.PokerMentorTests;
				PRODUCT_NAME = "$(TARGET_NAME)";
				SWIFT_VERSION = 5.0;
				TARGETED_DEVICE_FAMILY = "1,2";
				TEST_HOST = "$(BUILT_PRODUCTS_DIR)/PokerMentor.app/PokerMentor";
			};
			name = Release;
		};
/* End XCBuildConfiguration section */

/* Begin XCConfigurationList section */
		024A43DB245D712D00282C1F /* Build configuration list for PBXProject "PokerMentor" */ = {
			isa = XCConfigurationList;
			buildConfigurations = (
				024A4400245D712F00282C1F /* Debug */,
				024A4401245D712F00282C1F /* Release */,
			);
			defaultConfigurationIsVisible = 0;
			defaultConfigurationName = Release;
		};
		024A4402245D712F00282C1F /* Build configuration list for PBXNativeTarget "PokerMentor" */ = {
			isa = XCConfigurationList;
			buildConfigurations = (
				024A4403245D712F00282C1F /* Debug */,
				024A4404245D712F00282C1F /* Release */,
			);
			defaultConfigurationIsVisible = 0;
			defaultConfigurationName = Release;
		};
		024A4405245D712F00282C1F /* Build configuration list for PBXNativeTarget "PokerMentorTests" */ = {
			isa = XCConfigurationList;
			buildConfigurations = (
				024A4406245D712F00282C1F /* Debug */,
				024A4407245D712F00282C1F /* Release */,
			);
			defaultConfigurationIsVisible = 0;
			defaultConfigurationName = Release;
		};
/* End XCConfigurationList section */

/* Begin XCVersionGroup section */
		024A43EC245D712D00282C1F /* PokerMentor.xcdatamodeld */ = {
			isa = XCVersionGroup;
			children = (
				024A43ED245D712D00282C1F /* PokerMentor.xcdatamodel */,
			);
			currentVersion = 024A43ED245D712D00282C1F /* PokerMentor.xcdatamodel */;
			path = PokerMentor.xcdatamodeld;
			sourceTree = "<group>";
			versionGroupType = wrapper.xcdatamodel;
		};
/* End XCVersionGroup section */
	};
	rootObject = 024A43D8245D712D00282C1F /* Project object */;
}
